// !$*UTF8*$!
{
	archiveVersion = 1;
	classes = {
	};
	objectVersion = 56;
	objects = {

/* Begin PBXBuildFile section */
		9761EFBD2C6D497E00E7F5CA /* AppDelegate.swift in Sources */ = {isa = PBXBuildFile; fileRef = 9761EFBC2C6D497E00E7F5CA /* AppDelegate.swift */; };
		9761EFBF2C6D497E00E7F5CA /* SceneDelegate.swift in Sources */ = {isa = PBXBuildFile; fileRef = 9761EFBE2C6D497E00E7F5CA /* SceneDelegate.swift */; };
		9761EFC12C6D497E00E7F5CA /* GitHubViewController.swift in Sources */ = {isa = PBXBuildFile; fileRef = 9761EFC02C6D497E00E7F5CA /* GitHubViewController.swift */; };
		9761EFC62C6D497F00E7F5CA /* Assets.xcassets in Resources */ = {isa = PBXBuildFile; fileRef = 9761EFC52C6D497F00E7F5CA /* Assets.xcassets */; };
		9761EFC92C6D497F00E7F5CA /* Base in Resources */ = {isa = PBXBuildFile; fileRef = 9761EFC82C6D497F00E7F5CA /* Base */; };
		9761EFD42C6D497F00E7F5CA /* UserGithubRepoFetcherTests.swift in Sources */ = {isa = PBXBuildFile; fileRef = 9761EFD32C6D497F00E7F5CA /* UserGithubRepoFetcherTests.swift */; };
		9761EFDE2C6D497F00E7F5CA /* UserGithubRepoFetcherUITests.swift in Sources */ = {isa = PBXBuildFile; fileRef = 9761EFDD2C6D497F00E7F5CA /* UserGithubRepoFetcherUITests.swift */; };
		9761EFE02C6D497F00E7F5CA /* UserGithubRepoFetcherUITestsLaunchTests.swift in Sources */ = {isa = PBXBuildFile; fileRef = 9761EFDF2C6D497F00E7F5CA /* UserGithubRepoFetcherUITestsLaunchTests.swift */; };
		9761EFEE2C6D4ABF00E7F5CA /* GitHubConfigurator.swift in Sources */ = {isa = PBXBuildFile; fileRef = 9761EFED2C6D4ABF00E7F5CA /* GitHubConfigurator.swift */; };
		9761EFF02C6D4ACE00E7F5CA /* GitHubDataStore.swift in Sources */ = {isa = PBXBuildFile; fileRef = 9761EFEF2C6D4ACE00E7F5CA /* GitHubDataStore.swift */; };
		9761EFF22C6D4AD900E7F5CA /* GitHubWorker.swift in Sources */ = {isa = PBXBuildFile; fileRef = 9761EFF12C6D4AD900E7F5CA /* GitHubWorker.swift */; };
		9761EFF42C6D4AEA00E7F5CA /* GitHubInteractor.swift in Sources */ = {isa = PBXBuildFile; fileRef = 9761EFF32C6D4AEA00E7F5CA /* GitHubInteractor.swift */; };
		9761EFF62C6D4AF100E7F5CA /* GitHubPresenter.swift in Sources */ = {isa = PBXBuildFile; fileRef = 9761EFF52C6D4AF100E7F5CA /* GitHubPresenter.swift */; };
		9761EFF82C6D4B0A00E7F5CA /* GitHubRepoModel.swift in Sources */ = {isa = PBXBuildFile; fileRef = 9761EFF72C6D4B0A00E7F5CA /* GitHubRepoModel.swift */; };
		9761EFFA2C6D4B1800E7F5CA /* GitHubRouter.swift in Sources */ = {isa = PBXBuildFile; fileRef = 9761EFF92C6D4B1800E7F5CA /* GitHubRouter.swift */; };
		9761EFFC2C6D575100E7F5CA /* RepoCell.swift in Sources */ = {isa = PBXBuildFile; fileRef = 9761EFFB2C6D575100E7F5CA /* RepoCell.swift */; };
/* End PBXBuildFile section */

/* Begin PBXContainerItemProxy section */
		9761EFD02C6D497F00E7F5CA /* PBXContainerItemProxy */ = {
			isa = PBXContainerItemProxy;
			containerPortal = 9761EFB12C6D497E00E7F5CA /* Project object */;
			proxyType = 1;
			remoteGlobalIDString = 9761EFB82C6D497E00E7F5CA;
			remoteInfo = UserGithubRepoFetcher;
		};
		9761EFDA2C6D497F00E7F5CA /* PBXContainerItemProxy */ = {
			isa = PBXContainerItemProxy;
			containerPortal = 9761EFB12C6D497E00E7F5CA /* Project object */;
			proxyType = 1;
			remoteGlobalIDString = 9761EFB82C6D497E00E7F5CA;
			remoteInfo = UserGithubRepoFetcher;
		};
/* End PBXContainerItemProxy section */

/* Begin PBXFileReference section */
		9761EFB92C6D497E00E7F5CA /* UserGithubRepoFetcher.app */ = {isa = PBXFileReference; explicitFileType = wrapper.application; includeInIndex = 0; path = UserGithubRepoFetcher.app; sourceTree = BUILT_PRODUCTS_DIR; };
		9761EFBC2C6D497E00E7F5CA /* AppDelegate.swift */ = {isa = PBXFileReference; lastKnownFileType = sourcecode.swift; path = AppDelegate.swift; sourceTree = "<group>"; };
		9761EFBE2C6D497E00E7F5CA /* SceneDelegate.swift */ = {isa = PBXFileReference; lastKnownFileType = sourcecode.swift; path = SceneDelegate.swift; sourceTree = "<group>"; };
		9761EFC02C6D497E00E7F5CA /* GitHubViewController.swift */ = {isa = PBXFileReference; lastKnownFileType = sourcecode.swift; path = GitHubViewController.swift; sourceTree = "<group>"; };
		9761EFC52C6D497F00E7F5CA /* Assets.xcassets */ = {isa = PBXFileReference; lastKnownFileType = folder.assetcatalog; path = Assets.xcassets; sourceTree = "<group>"; };
		9761EFC82C6D497F00E7F5CA /* Base */ = {isa = PBXFileReference; lastKnownFileType = file.storyboard; name = Base; path = Base.lproj/LaunchScreen.storyboard; sourceTree = "<group>"; };
		9761EFCA2C6D497F00E7F5CA /* Info.plist */ = {isa = PBXFileReference; lastKnownFileType = text.plist.xml; path = Info.plist; sourceTree = "<group>"; };
		9761EFCF2C6D497F00E7F5CA /* UserGithubRepoFetcherTests.xctest */ = {isa = PBXFileReference; explicitFileType = wrapper.cfbundle; includeInIndex = 0; path = UserGithubRepoFetcherTests.xctest; sourceTree = BUILT_PRODUCTS_DIR; };
		9761EFD32C6D497F00E7F5CA /* UserGithubRepoFetcherTests.swift */ = {isa = PBXFileReference; lastKnownFileType = sourcecode.swift; path = UserGithubRepoFetcherTests.swift; sourceTree = "<group>"; };
		9761EFD92C6D497F00E7F5CA /* UserGithubRepoFetcherUITests.xctest */ = {isa = PBXFileReference; explicitFileType = wrapper.cfbundle; includeInIndex = 0; path = UserGithubRepoFetcherUITests.xctest; sourceTree = BUILT_PRODUCTS_DIR; };
		9761EFDD2C6D497F00E7F5CA /* UserGithubRepoFetcherUITests.swift */ = {isa = PBXFileReference; lastKnownFileType = sourcecode.swift; path = UserGithubRepoFetcherUITests.swift; sourceTree = "<group>"; };
		9761EFDF2C6D497F00E7F5CA /* UserGithubRepoFetcherUITestsLaunchTests.swift */ = {isa = PBXFileReference; lastKnownFileType = sourcecode.swift; path = UserGithubRepoFetcherUITestsLaunchTests.swift; sourceTree = "<group>"; };
		9761EFED2C6D4ABF00E7F5CA /* GitHubConfigurator.swift */ = {isa = PBXFileReference; lastKnownFileType = sourcecode.swift; path = GitHubConfigurator.swift; sourceTree = "<group>"; };
		9761EFEF2C6D4ACE00E7F5CA /* GitHubDataStore.swift */ = {isa = PBXFileReference; lastKnownFileType = sourcecode.swift; path = GitHubDataStore.swift; sourceTree = "<group>"; };
		9761EFF12C6D4AD900E7F5CA /* GitHubWorker.swift */ = {isa = PBXFileReference; lastKnownFileType = sourcecode.swift; path = GitHubWorker.swift; sourceTree = "<group>"; };
		9761EFF32C6D4AEA00E7F5CA /* GitHubInteractor.swift */ = {isa = PBXFileReference; lastKnownFileType = sourcecode.swift; path = GitHubInteractor.swift; sourceTree = "<group>"; };
		9761EFF52C6D4AF100E7F5CA /* GitHubPresenter.swift */ = {isa = PBXFileReference; lastKnownFileType = sourcecode.swift; path = GitHubPresenter.swift; sourceTree = "<group>"; };
		9761EFF72C6D4B0A00E7F5CA /* GitHubRepoModel.swift */ = {isa = PBXFileReference; lastKnownFileType = sourcecode.swift; path = GitHubRepoModel.swift; sourceTree = "<group>"; };
		9761EFF92C6D4B1800E7F5CA /* GitHubRouter.swift */ = {isa = PBXFileReference; lastKnownFileType = sourcecode.swift; path = GitHubRouter.swift; sourceTree = "<group>"; };
		9761EFFB2C6D575100E7F5CA /* RepoCell.swift */ = {isa = PBXFileReference; lastKnownFileType = sourcecode.swift; path = RepoCell.swift; sourceTree = "<group>"; };
/* End PBXFileReference section */

/* Begin PBXFrameworksBuildPhase section */
		9761EFB62C6D497E00E7F5CA /* Frameworks */ = {
			isa = PBXFrameworksBuildPhase;
			buildActionMask = 2147483647;
			files = (
			);
			runOnlyForDeploymentPostprocessing = 0;
		};
		9761EFCC2C6D497F00E7F5CA /* Frameworks */ = {
			isa = PBXFrameworksBuildPhase;
			buildActionMask = 2147483647;
			files = (
			);
			runOnlyForDeploymentPostprocessing = 0;
		};
		9761EFD62C6D497F00E7F5CA /* Frameworks */ = {
			isa = PBXFrameworksBuildPhase;
			buildActionMask = 2147483647;
			files = (
			);
			runOnlyForDeploymentPostprocessing = 0;
		};
/* End PBXFrameworksBuildPhase section */

/* Begin PBXGroup section */
		9761EFB02C6D497E00E7F5CA = {
			isa = PBXGroup;
			children = (
				9761EFBB2C6D497E00E7F5CA /* UserGithubRepoFetcher */,
				9761EFD22C6D497F00E7F5CA /* UserGithubRepoFetcherTests */,
				9761EFDC2C6D497F00E7F5CA /* UserGithubRepoFetcherUITests */,
				9761EFBA2C6D497E00E7F5CA /* Products */,
			);
			sourceTree = "<group>";
		};
		9761EFBA2C6D497E00E7F5CA /* Products */ = {
			isa = PBXGroup;
			children = (
				9761EFB92C6D497E00E7F5CA /* UserGithubRepoFetcher.app */,
				9761EFCF2C6D497F00E7F5CA /* UserGithubRepoFetcherTests.xctest */,
				9761EFD92C6D497F00E7F5CA /* UserGithubRepoFetcherUITests.xctest */,
			);
			name = Products;
			sourceTree = "<group>";
		};
		9761EFBB2C6D497E00E7F5CA /* UserGithubRepoFetcher */ = {
			isa = PBXGroup;
			children = (
				9761EFFE2C6D5D6900E7F5CA /* UIComponents */,
				9761EFEC2C6D4A9D00E7F5CA /* RepoScene */,
				9761EFBC2C6D497E00E7F5CA /* AppDelegate.swift */,
				9761EFBE2C6D497E00E7F5CA /* SceneDelegate.swift */,
				9761EFC52C6D497F00E7F5CA /* Assets.xcassets */,
				9761EFC72C6D497F00E7F5CA /* LaunchScreen.storyboard */,
				9761EFCA2C6D497F00E7F5CA /* Info.plist */,
			);
			path = UserGithubRepoFetcher;
			sourceTree = "<group>";
		};
		9761EFD22C6D497F00E7F5CA /* UserGithubRepoFetcherTests */ = {
			isa = PBXGroup;
			children = (
				9761EFD32C6D497F00E7F5CA /* UserGithubRepoFetcherTests.swift */,
			);
			path = UserGithubRepoFetcherTests;
			sourceTree = "<group>";
		};
		9761EFDC2C6D497F00E7F5CA /* UserGithubRepoFetcherUITests */ = {
			isa = PBXGroup;
			children = (
				9761EFDD2C6D497F00E7F5CA /* UserGithubRepoFetcherUITests.swift */,
				9761EFDF2C6D497F00E7F5CA /* UserGithubRepoFetcherUITestsLaunchTests.swift */,
			);
			path = UserGithubRepoFetcherUITests;
			sourceTree = "<group>";
		};
		9761EFEC2C6D4A9D00E7F5CA /* RepoScene */ = {
			isa = PBXGroup;
			children = (
				9761EFC02C6D497E00E7F5CA /* GitHubViewController.swift */,
				9761EFED2C6D4ABF00E7F5CA /* GitHubConfigurator.swift */,
				9761EFEF2C6D4ACE00E7F5CA /* GitHubDataStore.swift */,
				9761EFF12C6D4AD900E7F5CA /* GitHubWorker.swift */,
				9761EFF32C6D4AEA00E7F5CA /* GitHubInteractor.swift */,
				9761EFF52C6D4AF100E7F5CA /* GitHubPresenter.swift */,
				9761EFF72C6D4B0A00E7F5CA /* GitHubRepoModel.swift */,
				9761EFF92C6D4B1800E7F5CA /* GitHubRouter.swift */,
			);
			path = RepoScene;
			sourceTree = "<group>";
		};
		9761EFFE2C6D5D6900E7F5CA /* UIComponents */ = {
			isa = PBXGroup;
			children = (
				9761EFFF2C6D5D7300E7F5CA /* UICell */,
			);
			path = UIComponents;
			sourceTree = "<group>";
		};
		9761EFFF2C6D5D7300E7F5CA /* UICell */ = {
			isa = PBXGroup;
			children = (
				9761EFFB2C6D575100E7F5CA /* RepoCell.swift */,
			);
			path = UICell;
			sourceTree = "<group>";
		};
/* End PBXGroup section */

/* Begin PBXNativeTarget section */
		9761EFB82C6D497E00E7F5CA /* UserGithubRepoFetcher */ = {
			isa = PBXNativeTarget;
			buildConfigurationList = 9761EFE32C6D497F00E7F5CA /* Build configuration list for PBXNativeTarget "UserGithubRepoFetcher" */;
			buildPhases = (
				9761EFB52C6D497E00E7F5CA /* Sources */,
				9761EFB62C6D497E00E7F5CA /* Frameworks */,
				9761EFB72C6D497E00E7F5CA /* Resources */,
			);
			buildRules = (
			);
			dependencies = (
			);
			name = UserGithubRepoFetcher;
			productName = UserGithubRepoFetcher;
			productReference = 9761EFB92C6D497E00E7F5CA /* UserGithubRepoFetcher.app */;
			productType = "com.apple.product-type.application";
		};
		9761EFCE2C6D497F00E7F5CA /* UserGithubRepoFetcherTests */ = {
			isa = PBXNativeTarget;
			buildConfigurationList = 9761EFE62C6D497F00E7F5CA /* Build configuration list for PBXNativeTarget "UserGithubRepoFetcherTests" */;
			buildPhases = (
				9761EFCB2C6D497F00E7F5CA /* Sources */,
				9761EFCC2C6D497F00E7F5CA /* Frameworks */,
				9761EFCD2C6D497F00E7F5CA /* Resources */,
			);
			buildRules = (
			);
			dependencies = (
				9761EFD12C6D497F00E7F5CA /* PBXTargetDependency */,
			);
			name = UserGithubRepoFetcherTests;
			productName = UserGithubRepoFetcherTests;
			productReference = 9761EFCF2C6D497F00E7F5CA /* UserGithubRepoFetcherTests.xctest */;
			productType = "com.apple.product-type.bundle.unit-test";
		};
		9761EFD82C6D497F00E7F5CA /* UserGithubRepoFetcherUITests */ = {
			isa = PBXNativeTarget;
			buildConfigurationList = 9761EFE92C6D497F00E7F5CA /* Build configuration list for PBXNativeTarget "UserGithubRepoFetcherUITests" */;
			buildPhases = (
				9761EFD52C6D497F00E7F5CA /* Sources */,
				9761EFD62C6D497F00E7F5CA /* Frameworks */,
				9761EFD72C6D497F00E7F5CA /* Resources */,
			);
			buildRules = (
			);
			dependencies = (
				9761EFDB2C6D497F00E7F5CA /* PBXTargetDependency */,
			);
			name = UserGithubRepoFetcherUITests;
			productName = UserGithubRepoFetcherUITests;
			productReference = 9761EFD92C6D497F00E7F5CA /* UserGithubRepoFetcherUITests.xctest */;
			productType = "com.apple.product-type.bundle.ui-testing";
		};
/* End PBXNativeTarget section */

/* Begin PBXProject section */
		9761EFB12C6D497E00E7F5CA /* Project object */ = {
			isa = PBXProject;
			attributes = {
				BuildIndependentTargetsInParallel = 1;
				LastSwiftUpdateCheck = 1540;
				LastUpgradeCheck = 1540;
				TargetAttributes = {
					9761EFB82C6D497E00E7F5CA = {
						CreatedOnToolsVersion = 15.4;
					};
					9761EFCE2C6D497F00E7F5CA = {
						CreatedOnToolsVersion = 15.4;
						TestTargetID = 9761EFB82C6D497E00E7F5CA;
					};
					9761EFD82C6D497F00E7F5CA = {
						CreatedOnToolsVersion = 15.4;
						TestTargetID = 9761EFB82C6D497E00E7F5CA;
					};
				};
			};
			buildConfigurationList = 9761EFB42C6D497E00E7F5CA /* Build configuration list for PBXProject "UserGithubRepoFetcher" */;
			compatibilityVersion = "Xcode 14.0";
			developmentRegion = en;
			hasScannedForEncodings = 0;
			knownRegions = (
				en,
				Base,
			);
			mainGroup = 9761EFB02C6D497E00E7F5CA;
			productRefGroup = 9761EFBA2C6D497E00E7F5CA /* Products */;
			projectDirPath = "";
			projectRoot = "";
			targets = (
				9761EFB82C6D497E00E7F5CA /* UserGithubRepoFetcher */,
				9761EFCE2C6D497F00E7F5CA /* UserGithubRepoFetcherTests */,
				9761EFD82C6D497F00E7F5CA /* UserGithubRepoFetcherUITests */,
			);
		};
/* End PBXProject section */

/* Begin PBXResourcesBuildPhase section */
		9761EFB72C6D497E00E7F5CA /* Resources */ = {
			isa = PBXResourcesBuildPhase;
			buildActionMask = 2147483647;
			files = (
				9761EFC62C6D497F00E7F5CA /* Assets.xcassets in Resources */,
				9761EFC92C6D497F00E7F5CA /* Base in Resources */,
			);
			runOnlyForDeploymentPostprocessing = 0;
		};
		9761EFCD2C6D497F00E7F5CA /* Resources */ = {
			isa = PBXResourcesBuildPhase;
			buildActionMask = 2147483647;
			files = (
			);
			runOnlyForDeploymentPostprocessing = 0;
		};
		9761EFD72C6D497F00E7F5CA /* Resources */ = {
			isa = PBXResourcesBuildPhase;
			buildActionMask = 2147483647;
			files = (
			);
			runOnlyForDeploymentPostprocessing = 0;
		};
/* End PBXResourcesBuildPhase section */

/* Begin PBXSourcesBuildPhase section */
		9761EFB52C6D497E00E7F5CA /* Sources */ = {
			isa = PBXSourcesBuildPhase;
			buildActionMask = 2147483647;
			files = (
				9761EFF42C6D4AEA00E7F5CA /* GitHubInteractor.swift in Sources */,
				9761EFF82C6D4B0A00E7F5CA /* GitHubRepoModel.swift in Sources */,
				9761EFF22C6D4AD900E7F5CA /* GitHubWorker.swift in Sources */,
				9761EFFA2C6D4B1800E7F5CA /* GitHubRouter.swift in Sources */,
				9761EFC12C6D497E00E7F5CA /* GitHubViewController.swift in Sources */,
				9761EFF62C6D4AF100E7F5CA /* GitHubPresenter.swift in Sources */,
				9761EFEE2C6D4ABF00E7F5CA /* GitHubConfigurator.swift in Sources */,
				9761EFF02C6D4ACE00E7F5CA /* GitHubDataStore.swift in Sources */,
				9761EFBD2C6D497E00E7F5CA /* AppDelegate.swift in Sources */,
				9761EFFC2C6D575100E7F5CA /* RepoCell.swift in Sources */,
				9761EFBF2C6D497E00E7F5CA /* SceneDelegate.swift in Sources */,
			);
			runOnlyForDeploymentPostprocessing = 0;
		};
		9761EFCB2C6D497F00E7F5CA /* Sources */ = {
			isa = PBXSourcesBuildPhase;
			buildActionMask = 2147483647;
			files = (
				9761EFD42C6D497F00E7F5CA /* UserGithubRepoFetcherTests.swift in Sources */,
			);
			runOnlyForDeploymentPostprocessing = 0;
		};
		9761EFD52C6D497F00E7F5CA /* Sources */ = {
			isa = PBXSourcesBuildPhase;
			buildActionMask = 2147483647;
			files = (
				9761EFE02C6D497F00E7F5CA /* UserGithubRepoFetcherUITestsLaunchTests.swift in Sources */,
				9761EFDE2C6D497F00E7F5CA /* UserGithubRepoFetcherUITests.swift in Sources */,
			);
			runOnlyForDeploymentPostprocessing = 0;
		};
/* End PBXSourcesBuildPhase section */

/* Begin PBXTargetDependency section */
		9761EFD12C6D497F00E7F5CA /* PBXTargetDependency */ = {
			isa = PBXTargetDependency;
			target = 9761EFB82C6D497E00E7F5CA /* UserGithubRepoFetcher */;
			targetProxy = 9761EFD02C6D497F00E7F5CA /* PBXContainerItemProxy */;
		};
		9761EFDB2C6D497F00E7F5CA /* PBXTargetDependency */ = {
			isa = PBXTargetDependency;
			target = 9761EFB82C6D497E00E7F5CA /* UserGithubRepoFetcher */;
			targetProxy = 9761EFDA2C6D497F00E7F5CA /* PBXContainerItemProxy */;
		};
/* End PBXTargetDependency section */

/* Begin PBXVariantGroup section */
		9761EFC72C6D497F00E7F5CA /* LaunchScreen.storyboard */ = {
			isa = PBXVariantGroup;
			children = (
				9761EFC82C6D497F00E7F5CA /* Base */,
			);
			name = LaunchScreen.storyboard;
			sourceTree = "<group>";
		};
/* End PBXVariantGroup section */

/* Begin XCBuildConfiguration section */
		9761EFE12C6D497F00E7F5CA /* Debug */ = {
			isa = XCBuildConfiguration;
			buildSettings = {
				ALWAYS_SEARCH_USER_PATHS = NO;
				ASSETCATALOG_COMPILER_GENERATE_SWIFT_ASSET_SYMBOL_EXTENSIONS = YES;
				CLANG_ANALYZER_NONNULL = YES;
				CLANG_ANALYZER_NUMBER_OBJECT_CONVERSION = YES_AGGRESSIVE;
				CLANG_CXX_LANGUAGE_STANDARD = "gnu++20";
				CLANG_ENABLE_MODULES = YES;
				CLANG_ENABLE_OBJC_ARC = YES;
				CLANG_ENABLE_OBJC_WEAK = YES;
				CLANG_WARN_BLOCK_CAPTURE_AUTORELEASING = YES;
				CLANG_WARN_BOOL_CONVERSION = YES;
				CLANG_WARN_COMMA = YES;
				CLANG_WARN_CONSTANT_CONVERSION = YES;
				CLANG_WARN_DEPRECATED_OBJC_IMPLEMENTATIONS = YES;
				CLANG_WARN_DIRECT_OBJC_ISA_USAGE = YES_ERROR;
				CLANG_WARN_DOCUMENTATION_COMMENTS = YES;
				CLANG_WARN_EMPTY_BODY = YES;
				CLANG_WARN_ENUM_CONVERSION = YES;
				CLANG_WARN_INFINITE_RECURSION = YES;
				CLANG_WARN_INT_CONVERSION = YES;
				CLANG_WARN_NON_LITERAL_NULL_CONVERSION = YES;
				CLANG_WARN_OBJC_IMPLICIT_RETAIN_SELF = YES;
				CLANG_WARN_OBJC_LITERAL_CONVERSION = YES;
				CLANG_WARN_OBJC_ROOT_CLASS = YES_ERROR;
				CLANG_WARN_QUOTED_INCLUDE_IN_FRAMEWORK_HEADER = YES;
				CLANG_WARN_RANGE_LOOP_ANALYSIS = YES;
				CLANG_WARN_STRICT_PROTOTYPES = YES;
				CLANG_WARN_SUSPICIOUS_MOVE = YES;
				CLANG_WARN_UNGUARDED_AVAILABILITY = YES_AGGRESSIVE;
				CLANG_WARN_UNREACHABLE_CODE = YES;
				CLANG_WARN__DUPLICATE_METHOD_MATCH = YES;
				COPY_PHASE_STRIP = NO;
				DEBUG_INFORMATION_FORMAT = dwarf;
				ENABLE_STRICT_OBJC_MSGSEND = YES;
				ENABLE_TESTABILITY = YES;
				ENABLE_USER_SCRIPT_SANDBOXING = YES;
				GCC_C_LANGUAGE_STANDARD = gnu17;
				GCC_DYNAMIC_NO_PIC = NO;
				GCC_NO_COMMON_BLOCKS = YES;
				GCC_OPTIMIZATION_LEVEL = 0;
				GCC_PREPROCESSOR_DEFINITIONS = (
					"DEBUG=1",
					"$(inherited)",
				);
				GCC_WARN_64_TO_32_BIT_CONVERSION = YES;
				GCC_WARN_ABOUT_RETURN_TYPE = YES_ERROR;
				GCC_WARN_UNDECLARED_SELECTOR = YES;
				GCC_WARN_UNINITIALIZED_AUTOS = YES_AGGRESSIVE;
				GCC_WARN_UNUSED_FUNCTION = YES;
				GCC_WARN_UNUSED_VARIABLE = YES;
				IPHONEOS_DEPLOYMENT_TARGET = 17.5;
				LOCALIZATION_PREFERS_STRING_CATALOGS = YES;
				MTL_ENABLE_DEBUG_INFO = INCLUDE_SOURCE;
				MTL_FAST_MATH = YES;
				ONLY_ACTIVE_ARCH = YES;
				SDKROOT = iphoneos;
				SWIFT_ACTIVE_COMPILATION_CONDITIONS = "DEBUG $(inherited)";
				SWIFT_OPTIMIZATION_LEVEL = "-Onone";
			};
			name = Debug;
		};
		9761EFE22C6D497F00E7F5CA /* Release */ = {
			isa = XCBuildConfiguration;
			buildSettings = {
				ALWAYS_SEARCH_USER_PATHS = NO;
				ASSETCATALOG_COMPILER_GENERATE_SWIFT_ASSET_SYMBOL_EXTENSIONS = YES;
				CLANG_ANALYZER_NONNULL = YES;
				CLANG_ANALYZER_NUMBER_OBJECT_CONVERSION = YES_AGGRESSIVE;
				CLANG_CXX_LANGUAGE_STANDARD = "gnu++20";
				CLANG_ENABLE_MODULES = YES;
				CLANG_ENABLE_OBJC_ARC = YES;
				CLANG_ENABLE_OBJC_WEAK = YES;
				CLANG_WARN_BLOCK_CAPTURE_AUTORELEASING = YES;
				CLANG_WARN_BOOL_CONVERSION = YES;
				CLANG_WARN_COMMA = YES;
				CLANG_WARN_CONSTANT_CONVERSION = YES;
				CLANG_WARN_DEPRECATED_OBJC_IMPLEMENTATIONS = YES;
				CLANG_WARN_DIRECT_OBJC_ISA_USAGE = YES_ERROR;
				CLANG_WARN_DOCUMENTATION_COMMENTS = YES;
				CLANG_WARN_EMPTY_BODY = YES;
				CLANG_WARN_ENUM_CONVERSION = YES;
				CLANG_WARN_INFINITE_RECURSION = YES;
				CLANG_WARN_INT_CONVERSION = YES;
				CLANG_WARN_NON_LITERAL_NULL_CONVERSION = YES;
				CLANG_WARN_OBJC_IMPLICIT_RETAIN_SELF = YES;
				CLANG_WARN_OBJC_LITERAL_CONVERSION = YES;
				CLANG_WARN_OBJC_ROOT_CLASS = YES_ERROR;
				CLANG_WARN_QUOTED_INCLUDE_IN_FRAMEWORK_HEADER = YES;
				CLANG_WARN_RANGE_LOOP_ANALYSIS = YES;
				CLANG_WARN_STRICT_PROTOTYPES = YES;
				CLANG_WARN_SUSPICIOUS_MOVE = YES;
				CLANG_WARN_UNGUARDED_AVAILABILITY = YES_AGGRESSIVE;
				CLANG_WARN_UNREACHABLE_CODE = YES;
				CLANG_WARN__DUPLICATE_METHOD_MATCH = YES;
				COPY_PHASE_STRIP = NO;
				DEBUG_INFORMATION_FORMAT = "dwarf-with-dsym";
				ENABLE_NS_ASSERTIONS = NO;
				ENABLE_STRICT_OBJC_MSGSEND = YES;
				ENABLE_USER_SCRIPT_SANDBOXING = YES;
				GCC_C_LANGUAGE_STANDARD = gnu17;
				GCC_NO_COMMON_BLOCKS = YES;
				GCC_WARN_64_TO_32_BIT_CONVERSION = YES;
				GCC_WARN_ABOUT_RETURN_TYPE = YES_ERROR;
				GCC_WARN_UNDECLARED_SELECTOR = YES;
				GCC_WARN_UNINITIALIZED_AUTOS = YES_AGGRESSIVE;
				GCC_WARN_UNUSED_FUNCTION = YES;
				GCC_WARN_UNUSED_VARIABLE = YES;
				IPHONEOS_DEPLOYMENT_TARGET = 17.5;
				LOCALIZATION_PREFERS_STRING_CATALOGS = YES;
				MTL_ENABLE_DEBUG_INFO = NO;
				MTL_FAST_MATH = YES;
				SDKROOT = iphoneos;
				SWIFT_COMPILATION_MODE = wholemodule;
				VALIDATE_PRODUCT = YES;
			};
			name = Release;
		};
		9761EFE42C6D497F00E7F5CA /* Debug */ = {
			isa = XCBuildConfiguration;
			buildSettings = {
				ASSETCATALOG_COMPILER_APPICON_NAME = AppIcon;
				ASSETCATALOG_COMPILER_GLOBAL_ACCENT_COLOR_NAME = AccentColor;
				CODE_SIGN_STYLE = Automatic;
				CURRENT_PROJECT_VERSION = 1;
				DEVELOPMENT_TEAM = 359Y3S95FM;
				GENERATE_INFOPLIST_FILE = YES;
				INFOPLIST_FILE = UserGithubRepoFetcher/Info.plist;
				INFOPLIST_KEY_UIApplicationSupportsIndirectInputEvents = YES;
				INFOPLIST_KEY_UILaunchStoryboardName = LaunchScreen;
				INFOPLIST_KEY_UISupportedInterfaceOrientations_iPad = "UIInterfaceOrientationPortrait UIInterfaceOrientationPortraitUpsideDown UIInterfaceOrientationLandscapeLeft UIInterfaceOrientationLandscapeRight";
				INFOPLIST_KEY_UISupportedInterfaceOrientations_iPhone = "UIInterfaceOrientationPortrait UIInterfaceOrientationLandscapeLeft UIInterfaceOrientationLandscapeRight";
				LD_RUNPATH_SEARCH_PATHS = (
					"$(inherited)",
					"@executable_path/Frameworks",
				);
				MARKETING_VERSION = 1.0;
				PRODUCT_BUNDLE_IDENTIFIER = com.aliburakbarac.UserGithubRepoFetcher;
				PRODUCT_NAME = "$(TARGET_NAME)";
				SWIFT_EMIT_LOC_STRINGS = YES;
				SWIFT_VERSION = 5.0;
				TARGETED_DEVICE_FAMILY = "1,2";
			};
			name = Debug;
		};
		9761EFE52C6D497F00E7F5CA /* Release */ = {
			isa = XCBuildConfiguration;
			buildSettings = {
				ASSETCATALOG_COMPILER_APPICON_NAME = AppIcon;
				ASSETCATALOG_COMPILER_GLOBAL_ACCENT_COLOR_NAME = AccentColor;
				CODE_SIGN_STYLE = Automatic;
				CURRENT_PROJECT_VERSION = 1;
				DEVELOPMENT_TEAM = 359Y3S95FM;
				GENERATE_INFOPLIST_FILE = YES;
				INFOPLIST_FILE = UserGithubRepoFetcher/Info.plist;
				INFOPLIST_KEY_UIApplicationSupportsIndirectInputEvents = YES;
				INFOPLIST_KEY_UILaunchStoryboardName = LaunchScreen;
				INFOPLIST_KEY_UISupportedInterfaceOrientations_iPad = "UIInterfaceOrientationPortrait UIInterfaceOrientationPortraitUpsideDown UIInterfaceOrientationLandscapeLeft UIInterfaceOrientationLandscapeRight";
				INFOPLIST_KEY_UISupportedInterfaceOrientations_iPhone = "UIInterfaceOrientationPortrait UIInterfaceOrientationLandscapeLeft UIInterfaceOrientationLandscapeRight";
				LD_RUNPATH_SEARCH_PATHS = (
					"$(inherited)",
					"@executable_path/Frameworks",
				);
				MARKETING_VERSION = 1.0;
				PRODUCT_BUNDLE_IDENTIFIER = com.aliburakbarac.UserGithubRepoFetcher;
				PRODUCT_NAME = "$(TARGET_NAME)";
				SWIFT_EMIT_LOC_STRINGS = YES;
				SWIFT_VERSION = 5.0;
				TARGETED_DEVICE_FAMILY = "1,2";
			};
			name = Release;
		};
		9761EFE72C6D497F00E7F5CA /* Debug */ = {
			isa = XCBuildConfiguration;
			buildSettings = {
				ALWAYS_EMBED_SWIFT_STANDARD_LIBRARIES = YES;
				BUNDLE_LOADER = "$(TEST_HOST)";
				CODE_SIGN_STYLE = Automatic;
				CURRENT_PROJECT_VERSION = 1;
				DEVELOPMENT_TEAM = 359Y3S95FM;
				GENERATE_INFOPLIST_FILE = YES;
				IPHONEOS_DEPLOYMENT_TARGET = 17.5;
				MARKETING_VERSION = 1.0;
				PRODUCT_BUNDLE_IDENTIFIER = com.aliburakbarac.UserGithubRepoFetcherTests;
				PRODUCT_NAME = "$(TARGET_NAME)";
				SWIFT_EMIT_LOC_STRINGS = NO;
				SWIFT_VERSION = 5.0;
				TARGETED_DEVICE_FAMILY = "1,2";
				TEST_HOST = "$(BUILT_PRODUCTS_DIR)/UserGithubRepoFetcher.app/$(BUNDLE_EXECUTABLE_FOLDER_PATH)/UserGithubRepoFetcher";
			};
			name = Debug;
		};
		9761EFE82C6D497F00E7F5CA /* Release */ = {
			isa = XCBuildConfiguration;
			buildSettings = {
				ALWAYS_EMBED_SWIFT_STANDARD_LIBRARIES = YES;
				BUNDLE_LOADER = "$(TEST_HOST)";
				CODE_SIGN_STYLE = Automatic;
				CURRENT_PROJECT_VERSION = 1;
				DEVELOPMENT_TEAM = 359Y3S95FM;
				GENERATE_INFOPLIST_FILE = YES;
				IPHONEOS_DEPLOYMENT_TARGET = 17.5;
				MARKETING_VERSION = 1.0;
				PRODUCT_BUNDLE_IDENTIFIER = com.aliburakbarac.UserGithubRepoFetcherTests;
				PRODUCT_NAME = "$(TARGET_NAME)";
				SWIFT_EMIT_LOC_STRINGS = NO;
				SWIFT_VERSION = 5.0;
				TARGETED_DEVICE_FAMILY = "1,2";
				TEST_HOST = "$(BUILT_PRODUCTS_DIR)/UserGithubRepoFetcher.app/$(BUNDLE_EXECUTABLE_FOLDER_PATH)/UserGithubRepoFetcher";
			};
			name = Release;
		};
		9761EFEA2C6D497F00E7F5CA /* Debug */ = {
			isa = XCBuildConfiguration;
			buildSettings = {
				ALWAYS_EMBED_SWIFT_STANDARD_LIBRARIES = YES;
				CODE_SIGN_STYLE = Automatic;
				CURRENT_PROJECT_VERSION = 1;
				DEVELOPMENT_TEAM = 359Y3S95FM;
				GENERATE_INFOPLIST_FILE = YES;
				MARKETING_VERSION = 1.0;
				PRODUCT_BUNDLE_IDENTIFIER = com.aliburakbarac.UserGithubRepoFetcherUITests;
				PRODUCT_NAME = "$(TARGET_NAME)";
				SWIFT_EMIT_LOC_STRINGS = NO;
				SWIFT_VERSION = 5.0;
				TARGETED_DEVICE_FAMILY = "1,2";
				TEST_TARGET_NAME = UserGithubRepoFetcher;
			};
			name = Debug;
		};
		9761EFEB2C6D497F00E7F5CA /* Release */ = {
			isa = XCBuildConfiguration;
			buildSettings = {
				ALWAYS_EMBED_SWIFT_STANDARD_LIBRARIES = YES;
				CODE_SIGN_STYLE = Automatic;
				CURRENT_PROJECT_VERSION = 1;
				DEVELOPMENT_TEAM = 359Y3S95FM;
				GENERATE_INFOPLIST_FILE = YES;
				MARKETING_VERSION = 1.0;
				PRODUCT_BUNDLE_IDENTIFIER = com.aliburakbarac.UserGithubRepoFetcherUITests;
				PRODUCT_NAME = "$(TARGET_NAME)";
				SWIFT_EMIT_LOC_STRINGS = NO;
				SWIFT_VERSION = 5.0;
				TARGETED_DEVICE_FAMILY = "1,2";
				TEST_TARGET_NAME = UserGithubRepoFetcher;
			};
			name = Release;
		};
/* End XCBuildConfiguration section */

/* Begin XCConfigurationList section */
		9761EFB42C6D497E00E7F5CA /* Build configuration list for PBXProject "UserGithubRepoFetcher" */ = {
			isa = XCConfigurationList;
			buildConfigurations = (
				9761EFE12C6D497F00E7F5CA /* Debug */,
				9761EFE22C6D497F00E7F5CA /* Release */,
			);
			defaultConfigurationIsVisible = 0;
			defaultConfigurationName = Release;
		};
		9761EFE32C6D497F00E7F5CA /* Build configuration list for PBXNativeTarget "UserGithubRepoFetcher" */ = {
			isa = XCConfigurationList;
			buildConfigurations = (
				9761EFE42C6D497F00E7F5CA /* Debug */,
				9761EFE52C6D497F00E7F5CA /* Release */,
			);
			defaultConfigurationIsVisible = 0;
			defaultConfigurationName = Release;
		};
		9761EFE62C6D497F00E7F5CA /* Build configuration list for PBXNativeTarget "UserGithubRepoFetcherTests" */ = {
			isa = XCConfigurationList;
			buildConfigurations = (
				9761EFE72C6D497F00E7F5CA /* Debug */,
				9761EFE82C6D497F00E7F5CA /* Release */,
			);
			defaultConfigurationIsVisible = 0;
			defaultConfigurationName = Release;
		};
		9761EFE92C6D497F00E7F5CA /* Build configuration list for PBXNativeTarget "UserGithubRepoFetcherUITests" */ = {
			isa = XCConfigurationList;
			buildConfigurations = (
				9761EFEA2C6D497F00E7F5CA /* Debug */,
				9761EFEB2C6D497F00E7F5CA /* Release */,
			);
			defaultConfigurationIsVisible = 0;
			defaultConfigurationName = Release;
		};
/* End XCConfigurationList section */
	};
	rootObject = 9761EFB12C6D497E00E7F5CA /* Project object */;
}
